
Microsoft Visual Studio Solution File, Format Version 12.00
# Visual Studio Version 17
VisualStudioVersion = 17.5.33530.505
MinimumVisualStudioVersion = 10.0.40219.1
Project("{FAE04EC0-301F-11D3-BF4B-00C04F79EFBC}") = "DudeHook", "DudeHook\DudeHook.csproj", "{2260A78E-C60F-4D71-A4A0-BF34EB2E34EC}"
EndProject
Global
	GlobalSection(SolutionConfigurationPlatforms) = preSolution
		Debug|Any CPU = Debug|Any CPU
		Debug|x86 = Debug|x86
		Release|Any CPU = Release|Any CPU
		Release|x86 = Release|x86
	EndGlobalSection
	GlobalSection(ProjectConfigurationPlatforms) = postSolution
		{2260A78E-C60F-4D71-A4A0-BF34EB2E34EC}.Debug|Any CPU.ActiveCfg = Debug|Any CPU
		{2260A78E-C60F-4D71-A4A0-BF34EB2E34EC}.Debug|Any CPU.Build.0 = Debug|Any CPU
		{2260A78E-C60F-4D71-A4A0-BF34EB2E34EC}.Debug|x86.ActiveCfg = Debug|Any CPU
		{2260A78E-C60F-4D71-A4A0-BF34EB2E34EC}.Debug|x86.Build.0 = Debug|Any CPU
		{2260A78E-C60F-4D71-A4A0-BF34EB2E34EC}.Release|Any CPU.ActiveCfg = Release|Any CPU
		{2260A78E-C60F-4D71-A4A0-BF34EB2E34EC}.Release|Any CPU.Build.0 = Release|Any CPU
		{2260A78E-C60F-4D71-A4A0-BF34EB2E34EC}.Release|x86.ActiveCfg = Release|Any CPU
		{2260A78E-C60F-4D71-A4A0-BF34EB2E34EC}.Release|x86.Build.0 = Release|Any CPU
	EndGlobalSection
	GlobalSection(SolutionProperties) = preSolution
		HideSolutionNode = FALSE
	EndGlobalSection
	GlobalSection(ExtensibilityGlobals) = postSolution
		SolutionGuid = {4FF9452A-E241-489D-BDCB-7BB9061F39CC}
	EndGlobalSection
EndGlobal
